
Microsoft Visual Studio Solution File, Format Version 12.00
# Visual Studio Version 17
VisualStudioVersion = 17.4.33205.214
MinimumVisualStudioVersion = 10.0.40219.1
Project("{9A19103F-16F7-4668-BE54-9A1E7A4F7556}") = "ConsoleApp", "ConsoleApp\ConsoleApp.csproj", "{A2828A52-F5A8-485F-AA0D-1E60A8FCA80D}"
EndProject
Project("{9A19103F-16F7-4668-BE54-9A1E7A4F7556}") = "WpfApp", "WpfApp\WpfApp.csproj", "{A1401F58-3D52-401E-A498-C0884356FCC5}"
EndProject
Project("{FAE04EC0-301F-11D3-BF4B-00C04F79EFBC}") = "ConsoleApp.Tests_MSTest", "ConsoleApp.Tests_MSTest\ConsoleApp.Tests_MSTest.csproj", "{7C02B954-AF4E-409B-A1A7-562F571584E6}"
EndProject
Global
	GlobalSection(SolutionConfigurationPlatforms) = preSolution
		Debug|Any CPU = Debug|Any CPU
		Release|Any CPU = Release|Any CPU
	EndGlobalSection
	GlobalSection(ProjectConfigurationPlatforms) = postSolution
		{A2828A52-F5A8-485F-AA0D-1E60A8FCA80D}.Debug|Any CPU.ActiveCfg = Debug|Any CPU
		{A2828A52-F5A8-485F-AA0D-1E60A8FCA80D}.Debug|Any CPU.Build.0 = Debug|Any CPU
		{A2828A52-F5A8-485F-AA0D-1E60A8FCA80D}.Release|Any CPU.ActiveCfg = Release|Any CPU
		{A2828A52-F5A8-485F-AA0D-1E60A8FCA80D}.Release|Any CPU.Build.0 = Release|Any CPU
		{A1401F58-3D52-401E-A498-C0884356FCC5}.Debug|Any CPU.ActiveCfg = Debug|Any CPU
		{A1401F58-3D52-401E-A498-C0884356FCC5}.Debug|Any CPU.Build.0 = Debug|Any CPU
		{A1401F58-3D52-401E-A498-C0884356FCC5}.Release|Any CPU.ActiveCfg = Release|Any CPU
		{A1401F58-3D52-401E-A498-C0884356FCC5}.Release|Any CPU.Build.0 = Release|Any CPU
		{7C02B954-AF4E-409B-A1A7-562F571584E6}.Debug|Any CPU.ActiveCfg = Debug|Any CPU
		{7C02B954-AF4E-409B-A1A7-562F571584E6}.Debug|Any CPU.Build.0 = Debug|Any CPU
		{7C02B954-AF4E-409B-A1A7-562F571584E6}.Release|Any CPU.ActiveCfg = Release|Any CPU
		{7C02B954-AF4E-409B-A1A7-562F571584E6}.Release|Any CPU.Build.0 = Release|Any CPU
	EndGlobalSection
	GlobalSection(SolutionProperties) = preSolution
		HideSolutionNode = FALSE
	EndGlobalSection
	GlobalSection(ExtensibilityGlobals) = postSolution
		SolutionGuid = {F82E841A-5376-4D81-A6DA-4085D3AA96CF}
	EndGlobalSection
EndGlobal
